
Microsoft Visual Studio Solution File, Format Version 12.00
# Visual Studio Version 17
VisualStudioVersion = 17.10.35013.160
MinimumVisualStudioVersion = 10.0.40219.1
Project("{FAE04EC0-301F-11D3-BF4B-00C04F79EFBC}") = "Assignment2", "Assignment2.csproj", "{4E33B3FF-E4E6-4330-8E76-E8A552ECAC5E}"
EndProject
Global
	GlobalSection(SolutionConfigurationPlatforms) = preSolution
		Debug|Any CPU = Debug|Any CPU
		Release|Any CPU = Release|Any CPU
	EndGlobalSection
	GlobalSection(ProjectConfigurationPlatforms) = postSolution
		{4E33B3FF-E4E6-4330-8E76-E8A552ECAC5E}.Debug|Any CPU.ActiveCfg = Debug|Any CPU
		{4E33B3FF-E4E6-4330-8E76-E8A552ECAC5E}.Debug|Any CPU.Build.0 = Debug|Any CPU
		{4E33B3FF-E4E6-4330-8E76-E8A552ECAC5E}.Release|Any CPU.ActiveCfg = Release|Any CPU
		{4E33B3FF-E4E6-4330-8E76-E8A552ECAC5E}.Release|Any CPU.Build.0 = Release|Any CPU
	EndGlobalSection
	GlobalSection(SolutionProperties) = preSolution
		HideSolutionNode = FALSE
	EndGlobalSection
	GlobalSection(ExtensibilityGlobals) = postSolution
		SolutionGuid = {463A1996-DA8A-48F4-9969-C3AD7EC154D2}
	EndGlobalSection
EndGlobal
