
Microsoft Visual Studio Solution File, Format Version 12.00
# Visual Studio Version 17
VisualStudioVersion = 17.10.35013.160
MinimumVisualStudioVersion = 10.0.40219.1
Project("{FAE04EC0-301F-11D3-BF4B-00C04F79EFBC}") = "HandsonModel.models", "HandsonModel.models.csproj", "{56D24FEF-3B61-4ADE-82B5-A0605490A89E}"
EndProject
Global
	GlobalSection(SolutionConfigurationPlatforms) = preSolution
		Debug|Any CPU = Debug|Any CPU
		Release|Any CPU = Release|Any CPU
	EndGlobalSection
	GlobalSection(ProjectConfigurationPlatforms) = postSolution
		{56D24FEF-3B61-4ADE-82B5-A0605490A89E}.Debug|Any CPU.ActiveCfg = Debug|Any CPU
		{56D24FEF-3B61-4ADE-82B5-A0605490A89E}.Debug|Any CPU.Build.0 = Debug|Any CPU
		{56D24FEF-3B61-4ADE-82B5-A0605490A89E}.Release|Any CPU.ActiveCfg = Release|Any CPU
		{56D24FEF-3B61-4ADE-82B5-A0605490A89E}.Release|Any CPU.Build.0 = Release|Any CPU
	EndGlobalSection
	GlobalSection(SolutionProperties) = preSolution
		HideSolutionNode = FALSE
	EndGlobalSection
	GlobalSection(ExtensibilityGlobals) = postSolution
		SolutionGuid = {ECF966A8-1E5A-4A27-8D2B-7909D86B7FD1}
	EndGlobalSection
EndGlobal
