
Microsoft Visual Studio Solution File, Format Version 12.00
# Visual Studio Version 17
VisualStudioVersion = 17.10.35013.160
MinimumVisualStudioVersion = 10.0.40219.1
Project("{FAE04EC0-301F-11D3-BF4B-00C04F79EFBC}") = "assignment8Q1", "assignment8Q1.csproj", "{6B925CD7-8CF5-47A5-B4F1-01862FF58039}"
EndProject
Global
	GlobalSection(SolutionConfigurationPlatforms) = preSolution
		Debug|Any CPU = Debug|Any CPU
		Release|Any CPU = Release|Any CPU
	EndGlobalSection
	GlobalSection(ProjectConfigurationPlatforms) = postSolution
		{6B925CD7-8CF5-47A5-B4F1-01862FF58039}.Debug|Any CPU.ActiveCfg = Debug|Any CPU
		{6B925CD7-8CF5-47A5-B4F1-01862FF58039}.Debug|Any CPU.Build.0 = Debug|Any CPU
		{6B925CD7-8CF5-47A5-B4F1-01862FF58039}.Release|Any CPU.ActiveCfg = Release|Any CPU
		{6B925CD7-8CF5-47A5-B4F1-01862FF58039}.Release|Any CPU.Build.0 = Release|Any CPU
	EndGlobalSection
	GlobalSection(SolutionProperties) = preSolution
		HideSolutionNode = FALSE
	EndGlobalSection
	GlobalSection(ExtensibilityGlobals) = postSolution
		SolutionGuid = {246DF8B2-560A-44BE-956B-6BE7CD739CD2}
	EndGlobalSection
EndGlobal
