
Microsoft Visual Studio Solution File, Format Version 12.00
# Visual Studio Version 17
VisualStudioVersion = 17.10.35013.160
MinimumVisualStudioVersion = 10.0.40219.1
Project("{FAE04EC0-301F-11D3-BF4B-00C04F79EFBC}") = "Assignment1", "Assignment1.csproj", "{9AFE3FDE-5009-47D5-AAEF-59048795185E}"
EndProject
Global
	GlobalSection(SolutionConfigurationPlatforms) = preSolution
		Debug|Any CPU = Debug|Any CPU
		Release|Any CPU = Release|Any CPU
	EndGlobalSection
	GlobalSection(ProjectConfigurationPlatforms) = postSolution
		{9AFE3FDE-5009-47D5-AAEF-59048795185E}.Debug|Any CPU.ActiveCfg = Debug|Any CPU
		{9AFE3FDE-5009-47D5-AAEF-59048795185E}.Debug|Any CPU.Build.0 = Debug|Any CPU
		{9AFE3FDE-5009-47D5-AAEF-59048795185E}.Release|Any CPU.ActiveCfg = Release|Any CPU
		{9AFE3FDE-5009-47D5-AAEF-59048795185E}.Release|Any CPU.Build.0 = Release|Any CPU
	EndGlobalSection
	GlobalSection(SolutionProperties) = preSolution
		HideSolutionNode = FALSE
	EndGlobalSection
	GlobalSection(ExtensibilityGlobals) = postSolution
		SolutionGuid = {03F74904-860B-4901-B5CE-1221C6AB99C0}
	EndGlobalSection
EndGlobal
